<?xml version="1.0" encoding="utf-8"?>
<Project ToolsVersion="4.0" xmlns="http://schemas.microsoft.com/developer/msbuild/2003">
  <ItemGroup>
    <ClInclude Include="Mnemonic.h" />
    <ClInclude Include="Opcodes.h" />
    <ClInclude Include="Operand.h" />
    <ClInclude Include="targetver.h" />
    <ClInclude Include="File.h" />
    <ClInclude Include="Types.h" />
    <ClInclude Include="Opcode.h" />
    <ClInclude Include="OpcodeInstance.h" />
  </ItemGroup>
  <ItemGroup>
    <ClCompile Include="nec78k3_disassembler.cpp" />
  </ItemGroup>
</Project>